<?xml version="1.0" encoding="utf-8"?>
<Project ToolsVersion="4.0" xmlns="http://schemas.microsoft.com/developer/msbuild/2003">
  <ItemGroup>
    <ClCompile Include="Engine\Source\Core\Ops.cpp">
      <Filter>Source Files</Filter>
    </ClCompile>
    <ClCompile Include="Engine\Source\Core\Lace.cpp">
      <Filter>Source Files</Filter>
    </ClCompile>
    <ClCompile Include="Engine\Source\Core\File.cpp">
      <Filter>Source Files</Filter>
    </ClCompile>
    <ClCompile Include="Engine\Source\Object\Data\Camera.cpp">
      <Filter>Source Files</Filter>
    </ClCompile>
    <ClCompile Include="Editor\Source\CPU_Renderer.cpp">
      <Filter>Source Files</Filter>
    </ClCompile>
    <ClCompile Include="main.cpp" />
    <ClCompile Include="Engine\Source\Rendering\Render_Kernel.cpp">
      <Filter>Source Files</Filter>
    </ClCompile>
    <ClCompile Include="Engine\Source\Object\Data\Atmosphere.cpp">
      <Filter>Source Files</Filter>
    </ClCompile>
    <ClCompile Include="Engine\Source\Object\Data.cpp">
      <Filter>Source Files</Filter>
    </ClCompile>
    <ClCompile Include="Engine\Source\Object\Data\Curve.cpp">
      <Filter>Source Files</Filter>
    </ClCompile>
    <ClCompile Include="Engine\Source\Object\Data\Empty.cpp">
      <Filter>Source Files</Filter>
    </ClCompile>
    <ClCompile Include="Editor\Source\Main_Window.cpp">
      <Filter>Source Files</Filter>
    </ClCompile>
    <ClCompile Include="Engine\Source\Object\Data\Light.cpp">
      <Filter>Source Files</Filter>
    </ClCompile>
    <ClCompile Include="Engine\Source\Object\Data\Group.cpp">
      <Filter>Source Files</Filter>
    </ClCompile>
    <ClCompile Include="Engine\Source\Object\Data\Force.cpp">
      <Filter>Source Files</Filter>
    </ClCompile>
    <ClCompile Include="Engine\Source\Object\Data\Mesh.cpp">
      <Filter>Source Files</Filter>
    </ClCompile>
    <ClCompile Include="Engine\Source\Object\Object.cpp">
      <Filter>Source Files</Filter>
    </ClCompile>
    <ClCompile Include="Editor\Source\QT.cpp">
      <Filter>Source Files</Filter>
    </ClCompile>
    <ClCompile Include="Engine\Source\Core\Python_API.cpp">
      <Filter>Source Files</Filter>
    </ClCompile>
    <ClCompile Include="Engine\Source\Object\Data\Primitive.cpp">
      <Filter>Source Files</Filter>
    </ClCompile>
    <ClCompile Include="Engine\Source\Object\Data\Sfx.cpp">
      <Filter>Source Files</Filter>
    </ClCompile>
    <ClCompile Include="Engine\Source\Object\Data\Skeleton.cpp">
      <Filter>Source Files</Filter>
    </ClCompile>
    <ClCompile Include="Engine\Source\Object\Data\Vfx.cpp">
      <Filter>Source Files</Filter>
    </ClCompile>
    <ClCompile Include="Engine\Source\Object\Data\Volume.cpp">
      <Filter>Source Files</Filter>
    </ClCompile>
    <ClCompile Include="Editor\Source\Workspaces\API.cpp">
      <Filter>Source Files</Filter>
    </ClCompile>
    <ClCompile Include="Editor\Source\Workspaces\Header.cpp">
      <Filter>Source Files</Filter>
    </ClCompile>
    <ClCompile Include="Editor\Source\Workspaces\File_View.cpp">
      <Filter>Source Files</Filter>
    </ClCompile>
    <ClCompile Include="Editor\Source\Workspaces\Log.cpp">
      <Filter>Source Files</Filter>
    </ClCompile>
    <ClCompile Include="Editor\Source\Workspaces\Manager.cpp">
      <Filter>Source Files</Filter>
    </ClCompile>
    <ClCompile Include="Editor\Source\Workspaces\Scene_Outliner.cpp">
      <Filter>Source Files</Filter>
    </ClCompile>
    <ClCompile Include="Editor\Source\Workspaces\Properties.cpp">
      <Filter>Source Files</Filter>
    </ClCompile>
    <ClCompile Include="Editor\Source\Workspaces\Viewport.cpp">
      <Filter>Source Files</Filter>
    </ClCompile>
    <ClCompile Include="Engine\Source\Rendering\Material.cpp">
      <Filter>Source Files</Filter>
    </ClCompile>
    <ClCompile Include="Editor\Source\GUI.cpp">
      <Filter>Source Files</Filter>
    </ClCompile>
    <ClCompile Include="Editor\Source\Workspaces\Node_Editor.cpp">
      <Filter>Source Files</Filter>
    </ClCompile>
    <ClCompile Include="Editor\Source\Viewport_Realtime.cpp">
      <Filter>Source Files</Filter>
    </ClCompile>
    <ClCompile Include="Engine\Source\Core\Nodes.cpp">
      <Filter>Source Files</Filter>
    </ClCompile>
    <ClCompile Include="Engine\Source\Core\Compiler.cpp">
      <Filter>Source Files</Filter>
    </ClCompile>
    <ClCompile Include="Engine\Source\Core\Node_Def.cpp">
      <Filter>Source Files</Filter>
    </ClCompile>
    <ClCompile Include="Editor\Source\Node_GUI.cpp">
      <Filter>Source Files</Filter>
    </ClCompile>
    <ClCompile Include="Engine\Source\OpenGL\OpenGL.cpp" />
    <ClCompile Include="Engine\Include\OpenGL\glad.c" />
    <ClCompile Include="Editor\Source\Workspaces\Shelf.cpp" />
    <ClCompile Include="Engine\Source\OpenGL\Main_Viewport.cpp" />
    <ClCompile Include="Editor\Source\Node_GUI_Def.cpp" />
  </ItemGroup>
  <ItemGroup>
    <ClInclude Include="Engine\Include\Include.hpp">
      <Filter>Header Files</Filter>
    </ClInclude>
    <ClInclude Include="Engine\Include\Object\Data\Camera.hpp">
      <Filter>Header Files\SCENE\OBJECT\DATA</Filter>
    </ClInclude>
    <ClInclude Include="Engine\Include\Object\Data\Atmosphere.hpp">
      <Filter>Header Files\SCENE\OBJECT\DATA</Filter>
    </ClInclude>
    <ClInclude Include="Engine\Include\Object\Data\Curve.hpp">
      <Filter>Header Files\SCENE\OBJECT\DATA</Filter>
    </ClInclude>
    <ClInclude Include="Engine\Include\Object\Data\Empty.hpp">
      <Filter>Header Files\SCENE\OBJECT\DATA</Filter>
    </ClInclude>
    <ClInclude Include="Engine\Include\Object\Data\Vfx.hpp">
      <Filter>Header Files\SCENE\OBJECT\DATA</Filter>
    </ClInclude>
    <ClInclude Include="Engine\Include\Object\Data\Sfx.hpp">
      <Filter>Header Files\SCENE\OBJECT\DATA</Filter>
    </ClInclude>
    <ClInclude Include="Engine\Include\Object\Data\Skeleton.hpp">
      <Filter>Header Files\SCENE\OBJECT\DATA</Filter>
    </ClInclude>
    <ClInclude Include="Engine\Include\Object\Data\Primitive.hpp">
      <Filter>Header Files\SCENE\OBJECT\DATA</Filter>
    </ClInclude>
    <ClInclude Include="Engine\Include\Object\Data\Mesh.hpp">
      <Filter>Header Files\SCENE\OBJECT\DATA</Filter>
    </ClInclude>
    <ClInclude Include="Engine\Include\Object\Data\Light.hpp">
      <Filter>Header Files\SCENE\OBJECT\DATA</Filter>
    </ClInclude>
    <ClInclude Include="Engine\Include\Object\Data\Group.hpp">
      <Filter>Header Files\SCENE\OBJECT\DATA</Filter>
    </ClInclude>
    <ClInclude Include="Engine\Include\Object\Data\Force.hpp">
      <Filter>Header Files\SCENE\OBJECT\DATA</Filter>
    </ClInclude>
    <ClInclude Include="Engine\Include\Object\Data.hpp">
      <Filter>Header Files\SCENE\OBJECT</Filter>
    </ClInclude>
    <ClInclude Include="Engine\Include\Object\Object.hpp">
      <Filter>Header Files\SCENE\OBJECT</Filter>
    </ClInclude>
    <ClInclude Include="Engine\Include\Object\Data\Volume.hpp">
      <Filter>Header Files\SCENE\OBJECT\DATA</Filter>
    </ClInclude>
    <ClInclude Include="Editor\Include\Workspaces\API.hpp">
      <Filter>Header Files\GUI</Filter>
    </ClInclude>
    <ClInclude Include="Editor\Include\Workspaces\File_View.hpp">
      <Filter>Header Files\GUI</Filter>
    </ClInclude>
    <ClInclude Include="Editor\Include\Workspaces\Header.hpp">
      <Filter>Header Files\GUI</Filter>
    </ClInclude>
    <ClInclude Include="Editor\Include\Workspaces\Log.hpp">
      <Filter>Header Files\GUI</Filter>
    </ClInclude>
    <ClInclude Include="Editor\Include\Workspaces\Manager.hpp">
      <Filter>Header Files\GUI</Filter>
    </ClInclude>
    <ClInclude Include="Editor\Include\Workspaces\Scene_Outliner.hpp">
      <Filter>Header Files\GUI</Filter>
    </ClInclude>
    <ClInclude Include="Editor\Include\Workspaces\Properties.hpp">
      <Filter>Header Files\GUI</Filter>
    </ClInclude>
    <ClInclude Include="Editor\Include\Main_Window.hpp">
      <Filter>Header Files\GUI</Filter>
    </ClInclude>
    <ClInclude Include="Engine\Include\Rendering\Material.hpp">
      <Filter>Header Files\RENDERING\MATERIAL</Filter>
    </ClInclude>
    <ClInclude Include="Engine\Include\Rendering\Render_Kernel.hpp">
      <Filter>Header Files\RENDERING</Filter>
    </ClInclude>
    <ClInclude Include="Resources\Documentation\Layout.hpp" />
    <ClInclude Include="Editor\Include\Workspaces\Node_Editor.hpp">
      <Filter>Header Files\GUI</Filter>
    </ClInclude>
    <ClInclude Include="Editor\Include\Viewport_Realtime.hpp">
      <Filter>Header Files\GUI</Filter>
    </ClInclude>
    <ClInclude Include="Engine\Include\Core\Lace.hpp">
      <Filter>Header Files\CORE</Filter>
    </ClInclude>
    <ClInclude Include="Engine\Include\Core\Nodes.hpp">
      <Filter>Header Files\CORE</Filter>
    </ClInclude>
    <ClInclude Include="Engine\Include\Core\Ops.hpp">
      <Filter>Header Files\CORE</Filter>
    </ClInclude>
    <ClInclude Include="Engine\Include\Core\Python_API.hpp">
      <Filter>Header Files\CORE</Filter>
    </ClInclude>
    <ClInclude Include="Editor\Include\QT.hpp">
      <Filter>Header Files\CORE</Filter>
    </ClInclude>
    <ClInclude Include="Engine\Include\Core\Compiler.hpp">
      <Filter>Header Files\CORE</Filter>
    </ClInclude>
    <ClInclude Include="Engine\Include\Core\Node_Def.hpp">
      <Filter>Header Files\CORE</Filter>
    </ClInclude>
    <ClInclude Include="Engine\Include\Core\File.hpp">
      <Filter>Header Files\CORE</Filter>
    </ClInclude>
    <ClInclude Include="Editor\Include\Node_GUI.hpp">
      <Filter>Header Files</Filter>
    </ClInclude>
    <ClInclude Include="Engine\Include\OpenGL\OpenGL.hpp" />
    <ClInclude Include="Editor\Include\Workspaces\Shelf.hpp" />
    <ClInclude Include="Engine\Include\OpenGL\Main_Viewport.hpp" />
    <ClInclude Include="Editor\Include\Node_GUI_Def.hpp" />
  </ItemGroup>
  <ItemGroup>
    <Filter Include="Source Files">
      <UniqueIdentifier>{4d005fa3-9df4-4830-a129-8ab529dfc59c}</UniqueIdentifier>
    </Filter>
    <Filter Include="Header Files">
      <UniqueIdentifier>{4d567220-9fe9-4e46-9066-3ab50f3fd179}</UniqueIdentifier>
    </Filter>
    <Filter Include="Shader Files">
      <UniqueIdentifier>{abb45e05-37d0-41bc-a094-92510e282ca3}</UniqueIdentifier>
    </Filter>
    <Filter Include="Header Files\SCENE">
      <UniqueIdentifier>{d34508e2-bcb9-476c-8cac-5f5090c986e8}</UniqueIdentifier>
    </Filter>
    <Filter Include="Header Files\SCENE\OBJECT">
      <UniqueIdentifier>{ae9ed52d-8969-4215-a1ac-c76bd3c0683b}</UniqueIdentifier>
    </Filter>
    <Filter Include="Header Files\SCENE\OBJECT\DATA">
      <UniqueIdentifier>{d463925e-877d-4872-8da1-700106e5eeef}</UniqueIdentifier>
    </Filter>
    <Filter Include="Header Files\SCENE\OBJECT\PROPERTY">
      <UniqueIdentifier>{8058b2bc-1062-48b0-9a94-6d1b9a988e4c}</UniqueIdentifier>
    </Filter>
    <Filter Include="Header Files\SCENE\OBJECT\PROPERTY\NODES">
      <UniqueIdentifier>{151691dd-9119-48bc-a090-c2b5e103e21d}</UniqueIdentifier>
    </Filter>
    <Filter Include="Header Files\RENDERING">
      <UniqueIdentifier>{3861fa74-f7ff-4c5c-95be-74d9caeba085}</UniqueIdentifier>
    </Filter>
    <Filter Include="Header Files\RENDERING\MATERIAL">
      <UniqueIdentifier>{de91e4ec-2cab-4b3b-8d14-ccc9906161aa}</UniqueIdentifier>
    </Filter>
    <Filter Include="Header Files\RENDERING\MATERIAL\NODES">
      <UniqueIdentifier>{d4a2b662-c4fc-4fe0-946c-12b5c25f1e33}</UniqueIdentifier>
    </Filter>
    <Filter Include="Header Files\GUI">
      <UniqueIdentifier>{9162f433-34ff-4a6e-9f04-489260f2d968}</UniqueIdentifier>
    </Filter>
    <Filter Include="Header Files\CORE">
      <UniqueIdentifier>{86f2e4c0-34c0-460a-b4b4-2334b89f122e}</UniqueIdentifier>
    </Filter>
  </ItemGroup>
  <ItemGroup>
    <QtMoc Include="Editor\Include\Workspaces\Viewport.hpp">
      <Filter>Header Files\GUI</Filter>
    </QtMoc>
    <QtMoc Include="Editor\Include\CPU_Renderer.hpp">
      <Filter>Header Files\RENDERING</Filter>
    </QtMoc>
    <QtMoc Include="Editor\Include\GUI.hpp">
      <Filter>Header Files\GUI</Filter>
    </QtMoc>
  </ItemGroup>
  <ItemGroup>
    <None Include="Resources\Shaders\CPU_Shader.frag">
      <Filter>Shader Files</Filter>
    </None>
    <None Include="Resources\Shaders\CPU_Shader.vert">
      <Filter>Shader Files</Filter>
    </None>
    <None Include="Resources\Shaders\GPU_Shader.comp">
      <Filter>Shader Files</Filter>
    </None>
    <None Include="Resources\Shaders\GPU_Shader.frag">
      <Filter>Shader Files</Filter>
    </None>
    <None Include="Resources\Shaders\GPU_Shader.vert">
      <Filter>Shader Files</Filter>
    </None>
    <None Include="Resources\Shaders\Realtime_Shader.comp">
      <Filter>Shader Files</Filter>
    </None>
    <None Include="Resources\Shaders\Realtime_Shader.frag">
      <Filter>Shader Files</Filter>
    </None>
    <None Include="Resources\Shaders\Realtime_Shader.vert">
      <Filter>Shader Files</Filter>
    </None>
  </ItemGroup>
</Project>