<?xml version="1.0" encoding="utf-8"?>
<Project ToolsVersion="4.0" xmlns="http://schemas.microsoft.com/developer/msbuild/2003">
  <ItemGroup>
    <ClCompile Include="main.cpp" />
    <ClCompile Include="Source\GUI.cpp">
      <Filter>Source\Core</Filter>
    </ClCompile>
    <ClCompile Include="Source\QT.cpp">
      <Filter>Source\Core</Filter>
    </ClCompile>
    <ClCompile Include="Source\GUI_Object_Nodes.cpp">
      <Filter>Source\Core</Filter>
    </ClCompile>
    <ClCompile Include="Source\GUI_Nodes.cpp">
      <Filter>Source\Core</Filter>
    </ClCompile>
    <ClCompile Include="Source\Workspaces\API.cpp">
      <Filter>Source\Workspaces</Filter>
    </ClCompile>
    <ClCompile Include="Source\Workspaces\File_View.cpp">
      <Filter>Source\Workspaces</Filter>
    </ClCompile>
    <ClCompile Include="Source\Workspaces\Header.cpp">
      <Filter>Source\Workspaces</Filter>
    </ClCompile>
    <ClCompile Include="Source\Main_Window.cpp">
      <Filter>Source\Workspaces</Filter>
    </ClCompile>
    <ClCompile Include="Source\Workspaces\Manager.cpp">
      <Filter>Source\Workspaces</Filter>
    </ClCompile>
    <ClCompile Include="Source\Workspaces\Object_Node_Editor.cpp">
      <Filter>Source\Workspaces</Filter>
    </ClCompile>
    <ClCompile Include="Source\Workspaces\Properties.cpp">
      <Filter>Source\Workspaces</Filter>
    </ClCompile>
    <ClCompile Include="Source\Workspaces\Scene_Outliner.cpp">
      <Filter>Source\Workspaces</Filter>
    </ClCompile>
    <ClCompile Include="Source\Workspaces\Shelf.cpp">
      <Filter>Source\Workspaces</Filter>
    </ClCompile>
    <ClCompile Include="Source\Workspaces\Viewport.cpp">
      <Filter>Source\Workspaces</Filter>
    </ClCompile>
    <ClCompile Include="Source\Core\Python_API.cpp">
      <Filter>Source\Core</Filter>
    </ClCompile>
    <ClCompile Include="Source\Workspaces\Graph_Editor.cpp">
      <Filter>Source\Workspaces</Filter>
    </ClCompile>
    <ClCompile Include="Source\Workspaces\History_Manager.cpp">
      <Filter>Source\Workspaces</Filter>
    </ClCompile>
    <ClCompile Include="Source\Workspaces\Speadsheet_Editor.cpp">
      <Filter>Source\Workspaces</Filter>
    </ClCompile>
    <ClCompile Include="Source\Core\Editor_File.cpp">
      <Filter>Source\Core</Filter>
    </ClCompile>
    <ClCompile Include="Source\Workspaces\Shader_Editor.cpp">
      <Filter>Source\Workspaces</Filter>
    </ClCompile>
    <ClCompile Include="..\Shared\Source\Data_Property.cpp">
      <Filter>Shared\Source</Filter>
    </ClCompile>
    <ClCompile Include="..\Shared\Source\File.cpp">
      <Filter>Shared\Source</Filter>
    </ClCompile>
    <ClCompile Include="..\Shared\Source\Lace.cpp">
      <Filter>Shared\Source</Filter>
    </ClCompile>
    <ClCompile Include="..\Shared\Source\Nodes.cpp">
      <Filter>Shared\Source</Filter>
    </ClCompile>
    <ClCompile Include="..\Shared\Source\Object\Data.cpp">
      <Filter>Shared\Source</Filter>
    </ClCompile>
    <ClCompile Include="..\Shared\Source\Object\Data\Atmosphere.cpp">
      <Filter>Shared\Source</Filter>
    </ClCompile>
    <ClCompile Include="..\Shared\Source\Object\Data\Camera.cpp">
      <Filter>Shared\Source</Filter>
    </ClCompile>
    <ClCompile Include="..\Shared\Source\Object\Data\Curve.cpp">
      <Filter>Shared\Source</Filter>
    </ClCompile>
    <ClCompile Include="..\Shared\Source\Object\Data\Empty.cpp">
      <Filter>Shared\Source</Filter>
    </ClCompile>
    <ClCompile Include="..\Shared\Source\Object\Data\Force.cpp">
      <Filter>Shared\Source</Filter>
    </ClCompile>
    <ClCompile Include="..\Shared\Source\Object\Data\Group.cpp">
      <Filter>Shared\Source</Filter>
    </ClCompile>
    <ClCompile Include="..\Shared\Source\Object\Data\Light.cpp">
      <Filter>Shared\Source</Filter>
    </ClCompile>
    <ClCompile Include="..\Shared\Source\Object\Data\Mesh.cpp">
      <Filter>Shared\Source</Filter>
    </ClCompile>
    <ClCompile Include="..\Shared\Source\Object\Data\Primitive.cpp">
      <Filter>Shared\Source</Filter>
    </ClCompile>
    <ClCompile Include="..\Shared\Source\Object\Data\Sfx.cpp">
      <Filter>Shared\Source</Filter>
    </ClCompile>
    <ClCompile Include="..\Shared\Source\Object\Data\Skeleton.cpp">
      <Filter>Shared\Source</Filter>
    </ClCompile>
    <ClCompile Include="..\Shared\Source\Object\Data\Vfx.cpp">
      <Filter>Shared\Source</Filter>
    </ClCompile>
    <ClCompile Include="..\Shared\Source\Object\Data\Volume.cpp">
      <Filter>Shared\Source</Filter>
    </ClCompile>
    <ClCompile Include="..\Shared\Source\Object\Nodes\Compiler.cpp">
      <Filter>Shared\Source</Filter>
    </ClCompile>
    <ClCompile Include="..\Shared\Source\Object\Nodes\Object_Nodes.cpp">
      <Filter>Shared\Source</Filter>
    </ClCompile>
    <ClCompile Include="..\Shared\Source\Object\Object.cpp">
      <Filter>Shared\Source</Filter>
    </ClCompile>
    <ClCompile Include="..\Shared\Source\Ops.cpp">
      <Filter>Shared\Source</Filter>
    </ClCompile>
    <ClCompile Include="..\Shared\Source\Scene.cpp">
      <Filter>Shared\Source</Filter>
    </ClCompile>
    <ClCompile Include="..\Shared\Source\Session.cpp">
      <Filter>Shared\Source</Filter>
    </ClCompile>
    <ClCompile Include="..\Shared\Source\Shader\Nodes\Shader_Nodes.cpp">
      <Filter>Shared\Source</Filter>
    </ClCompile>
    <ClCompile Include="..\Shared\Source\Shader\Shader.cpp">
      <Filter>Shared\Source</Filter>
    </ClCompile>
    <ClCompile Include="..\Shared\Source\Gpu_Scene.cpp">
      <Filter>Shared\Source</Filter>
    </ClCompile>
    <ClCompile Include="..\Shared\Source\History.cpp">
      <Filter>Shared\Source</Filter>
    </ClCompile>
  </ItemGroup>
  <ItemGroup>
    <ClInclude Include="Include\Workspaces\API.hpp">
      <Filter>Include\Workspaces</Filter>
    </ClInclude>
    <ClInclude Include="Include\Workspaces\File_View.hpp">
      <Filter>Include\Workspaces</Filter>
    </ClInclude>
    <ClInclude Include="Include\Workspaces\Header.hpp">
      <Filter>Include\Workspaces</Filter>
    </ClInclude>
    <ClInclude Include="Include\Workspaces\Manager.hpp">
      <Filter>Include\Workspaces</Filter>
    </ClInclude>
    <ClInclude Include="Include\Workspaces\Scene_Outliner.hpp">
      <Filter>Include\Workspaces</Filter>
    </ClInclude>
    <ClInclude Include="Include\Workspaces\Properties.hpp">
      <Filter>Include\Workspaces</Filter>
    </ClInclude>
    <ClInclude Include="Include\Main_Window.hpp">
      <Filter>Include\Workspaces</Filter>
    </ClInclude>
    <ClInclude Include="Include\Workspaces\Object_Node_Editor.hpp">
      <Filter>Include\Workspaces</Filter>
    </ClInclude>
    <ClInclude Include="Include\Core\Python_API.hpp">
      <Filter>Include\Core</Filter>
    </ClInclude>
    <ClInclude Include="Include\QT.hpp">
      <Filter>Include\Core</Filter>
    </ClInclude>
    <ClInclude Include="Include\Workspaces\Viewport.hpp">
      <Filter>Include\Workspaces</Filter>
    </ClInclude>
    <ClInclude Include="Include\Workspaces\Shelf.hpp">
      <Filter>Include\Workspaces</Filter>
    </ClInclude>
    <ClInclude Include="Include\GUI_Object_Nodes.hpp">
      <Filter>Include\Core</Filter>
    </ClInclude>
    <ClInclude Include="Include\GUI_Nodes.hpp">
      <Filter>Include\Core</Filter>
    </ClInclude>
    <ClInclude Include="Include\Workspaces\Speadsheet_Editor.hpp">
      <Filter>Include\Workspaces</Filter>
    </ClInclude>
    <ClInclude Include="Include\Workspaces\History_Manager.hpp">
      <Filter>Include\Workspaces</Filter>
    </ClInclude>
    <ClInclude Include="Include\Workspaces\Graph_Editor.hpp">
      <Filter>Include\Workspaces</Filter>
    </ClInclude>
    <ClInclude Include="Include\Core\Editor_File.hpp">
      <Filter>Include\Core</Filter>
    </ClInclude>
    <ClInclude Include="Include\Workspaces\Shader_Editor.hpp">
      <Filter>Include\Workspaces</Filter>
    </ClInclude>
    <ClInclude Include="..\Shared\Include\Data_Property.hpp">
      <Filter>Shared\Include</Filter>
    </ClInclude>
    <ClInclude Include="..\Shared\Include\File.hpp">
      <Filter>Shared\Include</Filter>
    </ClInclude>
    <ClInclude Include="..\Shared\Include\Include.hpp">
      <Filter>Shared\Include</Filter>
    </ClInclude>
    <ClInclude Include="..\Shared\Include\Lace.hpp">
      <Filter>Shared\Include</Filter>
    </ClInclude>
    <ClInclude Include="..\Shared\Include\Nodes.hpp">
      <Filter>Shared\Include</Filter>
    </ClInclude>
    <ClInclude Include="..\Shared\Include\Object\Data.hpp">
      <Filter>Shared\Include</Filter>
    </ClInclude>
    <ClInclude Include="..\Shared\Include\Object\Data\Atmosphere.hpp">
      <Filter>Shared\Include</Filter>
    </ClInclude>
    <ClInclude Include="..\Shared\Include\Object\Data\Camera.hpp">
      <Filter>Shared\Include</Filter>
    </ClInclude>
    <ClInclude Include="..\Shared\Include\Object\Data\Curve.hpp">
      <Filter>Shared\Include</Filter>
    </ClInclude>
    <ClInclude Include="..\Shared\Include\Object\Data\Empty.hpp">
      <Filter>Shared\Include</Filter>
    </ClInclude>
    <ClInclude Include="..\Shared\Include\Object\Data\Force.hpp">
      <Filter>Shared\Include</Filter>
    </ClInclude>
    <ClInclude Include="..\Shared\Include\Object\Data\Group.hpp">
      <Filter>Shared\Include</Filter>
    </ClInclude>
    <ClInclude Include="..\Shared\Include\Object\Data\Light.hpp">
      <Filter>Shared\Include</Filter>
    </ClInclude>
    <ClInclude Include="..\Shared\Include\Object\Data\Mesh.hpp">
      <Filter>Shared\Include</Filter>
    </ClInclude>
    <ClInclude Include="..\Shared\Include\Object\Data\Primitive.hpp">
      <Filter>Shared\Include</Filter>
    </ClInclude>
    <ClInclude Include="..\Shared\Include\Object\Data\Sfx.hpp">
      <Filter>Shared\Include</Filter>
    </ClInclude>
    <ClInclude Include="..\Shared\Include\Object\Data\Skeleton.hpp">
      <Filter>Shared\Include</Filter>
    </ClInclude>
    <ClInclude Include="..\Shared\Include\Object\Data\Vfx.hpp">
      <Filter>Shared\Include</Filter>
    </ClInclude>
    <ClInclude Include="..\Shared\Include\Object\Data\Volume.hpp">
      <Filter>Shared\Include</Filter>
    </ClInclude>
    <ClInclude Include="..\Shared\Include\Object\Nodes\Compiler.hpp">
      <Filter>Shared\Include</Filter>
    </ClInclude>
    <ClInclude Include="..\Shared\Include\Object\Nodes\Object_Nodes.hpp">
      <Filter>Shared\Include</Filter>
    </ClInclude>
    <ClInclude Include="..\Shared\Include\Object\Object.hpp">
      <Filter>Shared\Include</Filter>
    </ClInclude>
    <ClInclude Include="..\Shared\Include\Ops.hpp">
      <Filter>Shared\Include</Filter>
    </ClInclude>
    <ClInclude Include="..\Shared\Include\Scene.hpp">
      <Filter>Shared\Include</Filter>
    </ClInclude>
    <ClInclude Include="..\Shared\Include\Session.hpp">
      <Filter>Shared\Include</Filter>
    </ClInclude>
    <ClInclude Include="..\Shared\Include\Shader\Nodes\Shader_Nodes.hpp">
      <Filter>Shared\Include</Filter>
    </ClInclude>
    <ClInclude Include="..\Shared\Include\Shader\Shader.hpp">
      <Filter>Shared\Include</Filter>
    </ClInclude>
    <ClInclude Include="..\Shared\Include\Shared.hpp">
      <Filter>Shared\Include</Filter>
    </ClInclude>
    <ClInclude Include="..\Shared\Include\Gpu_Scene.hpp">
      <Filter>Shared\Include</Filter>
    </ClInclude>
    <ClInclude Include="..\Shared\External\stb_image.h">
      <Filter>Shared\External</Filter>
    </ClInclude>
    <ClInclude Include="..\Shared\Include\History.hpp">
      <Filter>Shared\Include</Filter>
    </ClInclude>
  </ItemGroup>
  <ItemGroup>
    <Filter Include="Include">
      <UniqueIdentifier>{4d567220-9fe9-4e46-9066-3ab50f3fd179}</UniqueIdentifier>
    </Filter>
    <Filter Include="Include\Workspaces">
      <UniqueIdentifier>{9162f433-34ff-4a6e-9f04-489260f2d968}</UniqueIdentifier>
    </Filter>
    <Filter Include="Include\Core">
      <UniqueIdentifier>{86f2e4c0-34c0-460a-b4b4-2334b89f122e}</UniqueIdentifier>
    </Filter>
    <Filter Include="Source">
      <UniqueIdentifier>{4d005fa3-9df4-4830-a129-8ab529dfc59c}</UniqueIdentifier>
    </Filter>
    <Filter Include="Source\Core">
      <UniqueIdentifier>{6acbfd24-569a-4a91-a913-ab89214396d5}</UniqueIdentifier>
    </Filter>
    <Filter Include="Source\Workspaces">
      <UniqueIdentifier>{1ffeab3f-93a5-45d3-87b0-708d6cb6bee3}</UniqueIdentifier>
    </Filter>
    <Filter Include="Shared">
      <UniqueIdentifier>{d6cf6780-a563-4954-b8e2-c0b1e48173f0}</UniqueIdentifier>
    </Filter>
    <Filter Include="Shared\Include">
      <UniqueIdentifier>{1dd227d6-0ee2-44d0-a181-de230c124c51}</UniqueIdentifier>
    </Filter>
    <Filter Include="Shared\Source">
      <UniqueIdentifier>{ca0815c0-f05e-4ebb-ba7a-e959a4888f7a}</UniqueIdentifier>
    </Filter>
    <Filter Include="Shared\External">
      <UniqueIdentifier>{8e698fc2-2683-4e5c-925d-38a3cea63d21}</UniqueIdentifier>
    </Filter>
  </ItemGroup>
  <ItemGroup>
    <QtMoc Include="Include\GUI.hpp">
      <Filter>Include\Core</Filter>
    </QtMoc>
  </ItemGroup>
</Project>