<?xml version="1.0" encoding="utf-8"?>
<Project ToolsVersion="4.0" xmlns="http://schemas.microsoft.com/developer/msbuild/2003">
  <ItemGroup>
    <ClCompile Include="main.cpp" />
    <ClCompile Include="Source\GUI.cpp">
      <Filter>Source\Core</Filter>
    </ClCompile>
    <ClCompile Include="Source\QT.cpp">
      <Filter>Source\Core</Filter>
    </ClCompile>
    <ClCompile Include="Source\GUI_Object_Nodes.cpp">
      <Filter>Source\Core</Filter>
    </ClCompile>
    <ClCompile Include="Source\GUI_Nodes.cpp">
      <Filter>Source\Core</Filter>
    </ClCompile>
    <ClCompile Include="Source\Workspaces\API.cpp">
      <Filter>Source\Workspaces</Filter>
    </ClCompile>
    <ClCompile Include="Source\Workspaces\File_View.cpp">
      <Filter>Source\Workspaces</Filter>
    </ClCompile>
    <ClCompile Include="Source\Workspaces\Header.cpp">
      <Filter>Source\Workspaces</Filter>
    </ClCompile>
    <ClCompile Include="Source\Main_Window.cpp">
      <Filter>Source\Workspaces</Filter>
    </ClCompile>
    <ClCompile Include="Source\Workspaces\Manager.cpp">
      <Filter>Source\Workspaces</Filter>
    </ClCompile>
    <ClCompile Include="Source\Workspaces\Object_Node_Editor.cpp">
      <Filter>Source\Workspaces</Filter>
    </ClCompile>
    <ClCompile Include="Source\Workspaces\Properties.cpp">
      <Filter>Source\Workspaces</Filter>
    </ClCompile>
    <ClCompile Include="Source\Workspaces\Scene_Outliner.cpp">
      <Filter>Source\Workspaces</Filter>
    </ClCompile>
    <ClCompile Include="Source\Workspaces\Shelf.cpp">
      <Filter>Source\Workspaces</Filter>
    </ClCompile>
    <ClCompile Include="Source\Workspaces\Viewport.cpp">
      <Filter>Source\Workspaces</Filter>
    </ClCompile>
    <ClCompile Include="Source\Core\Python_API.cpp">
      <Filter>Source\Core</Filter>
    </ClCompile>
    <ClCompile Include="Source\Workspaces\Graph_Editor.cpp">
      <Filter>Source\Workspaces</Filter>
    </ClCompile>
    <ClCompile Include="Source\Workspaces\History_Manager.cpp">
      <Filter>Source\Workspaces</Filter>
    </ClCompile>
    <ClCompile Include="Source\Workspaces\Speadsheet_Editor.cpp">
      <Filter>Source\Workspaces</Filter>
    </ClCompile>
    <ClCompile Include="Source\Core\Editor_File.cpp">
      <Filter>Source\Core</Filter>
    </ClCompile>
    <ClCompile Include="Source\Workspaces\Shader_Editor.cpp">
      <Filter>Source\Workspaces</Filter>
    </ClCompile>
  </ItemGroup>
  <ItemGroup>
    <ClInclude Include="Include\Workspaces\API.hpp">
      <Filter>Include\Workspaces</Filter>
    </ClInclude>
    <ClInclude Include="Include\Workspaces\File_View.hpp">
      <Filter>Include\Workspaces</Filter>
    </ClInclude>
    <ClInclude Include="Include\Workspaces\Header.hpp">
      <Filter>Include\Workspaces</Filter>
    </ClInclude>
    <ClInclude Include="Include\Workspaces\Manager.hpp">
      <Filter>Include\Workspaces</Filter>
    </ClInclude>
    <ClInclude Include="Include\Workspaces\Scene_Outliner.hpp">
      <Filter>Include\Workspaces</Filter>
    </ClInclude>
    <ClInclude Include="Include\Workspaces\Properties.hpp">
      <Filter>Include\Workspaces</Filter>
    </ClInclude>
    <ClInclude Include="Include\Main_Window.hpp">
      <Filter>Include\Workspaces</Filter>
    </ClInclude>
    <ClInclude Include="Include\Workspaces\Object_Node_Editor.hpp">
      <Filter>Include\Workspaces</Filter>
    </ClInclude>
    <ClInclude Include="Include\Core\Python_API.hpp">
      <Filter>Include\Core</Filter>
    </ClInclude>
    <ClInclude Include="Include\QT.hpp">
      <Filter>Include\Core</Filter>
    </ClInclude>
    <ClInclude Include="Include\Workspaces\Shelf.hpp">
      <Filter>Include\Workspaces</Filter>
    </ClInclude>
    <ClInclude Include="Include\GUI_Object_Nodes.hpp">
      <Filter>Include\Core</Filter>
    </ClInclude>
    <ClInclude Include="Include\GUI_Nodes.hpp">
      <Filter>Include\Core</Filter>
    </ClInclude>
    <ClInclude Include="Include\Workspaces\Speadsheet_Editor.hpp">
      <Filter>Include\Workspaces</Filter>
    </ClInclude>
    <ClInclude Include="Include\Workspaces\History_Manager.hpp">
      <Filter>Include\Workspaces</Filter>
    </ClInclude>
    <ClInclude Include="Include\Workspaces\Graph_Editor.hpp">
      <Filter>Include\Workspaces</Filter>
    </ClInclude>
    <ClInclude Include="Include\Core\Editor_File.hpp">
      <Filter>Include\Core</Filter>
    </ClInclude>
    <ClInclude Include="Include\Workspaces\Shader_Editor.hpp">
      <Filter>Include\Workspaces</Filter>
    </ClInclude>
  </ItemGroup>
  <ItemGroup>
    <Filter Include="Include">
      <UniqueIdentifier>{4d567220-9fe9-4e46-9066-3ab50f3fd179}</UniqueIdentifier>
    </Filter>
    <Filter Include="Include\Workspaces">
      <UniqueIdentifier>{9162f433-34ff-4a6e-9f04-489260f2d968}</UniqueIdentifier>
    </Filter>
    <Filter Include="Include\Core">
      <UniqueIdentifier>{86f2e4c0-34c0-460a-b4b4-2334b89f122e}</UniqueIdentifier>
    </Filter>
    <Filter Include="Source">
      <UniqueIdentifier>{4d005fa3-9df4-4830-a129-8ab529dfc59c}</UniqueIdentifier>
    </Filter>
    <Filter Include="Source\Core">
      <UniqueIdentifier>{6acbfd24-569a-4a91-a913-ab89214396d5}</UniqueIdentifier>
    </Filter>
    <Filter Include="Source\Workspaces">
      <UniqueIdentifier>{1ffeab3f-93a5-45d3-87b0-708d6cb6bee3}</UniqueIdentifier>
    </Filter>
  </ItemGroup>
  <ItemGroup>
    <QtMoc Include="Include\GUI.hpp">
      <Filter>Include\Core</Filter>
    </QtMoc>
    <QtMoc Include="Include\Workspaces\Viewport.hpp">
      <Filter>Include\Workspaces</Filter>
    </QtMoc>
  </ItemGroup>
</Project>