<?xml version="1.0" encoding="utf-8"?>
<Project ToolsVersion="4.0" xmlns="http://schemas.microsoft.com/developer/msbuild/2003">
  <ItemGroup>
    <Filter Include="Include">
      <UniqueIdentifier>{4d567220-9fe9-4e46-9066-3ab50f3fd179}</UniqueIdentifier>
    </Filter>
    <Filter Include="Source">
      <UniqueIdentifier>{4d005fa3-9df4-4830-a129-8ab529dfc59c}</UniqueIdentifier>
    </Filter>
    <Filter Include="Shared">
      <UniqueIdentifier>{a9f3839c-8cdd-48f7-bc0b-2f07994682cc}</UniqueIdentifier>
    </Filter>
    <Filter Include="Shared\Include">
      <UniqueIdentifier>{5c14c4a1-ab68-4fdc-b401-85b680d14e34}</UniqueIdentifier>
    </Filter>
    <Filter Include="Shared\Source">
      <UniqueIdentifier>{1918f5e5-04c4-4d85-91ea-a3c5e954b454}</UniqueIdentifier>
    </Filter>
  </ItemGroup>
  <ItemGroup>
    <ClCompile Include="Include\pch.cpp">
      <Filter>Source</Filter>
    </ClCompile>
    <ClCompile Include="main.cpp" />
    <ClCompile Include="..\Shared\Source\Data_Property.cpp">
      <Filter>Shared\Source</Filter>
    </ClCompile>
    <ClCompile Include="..\Shared\Source\File.cpp">
      <Filter>Shared\Source</Filter>
    </ClCompile>
    <ClCompile Include="..\Shared\Source\Lace.cpp">
      <Filter>Shared\Source</Filter>
    </ClCompile>
    <ClCompile Include="..\Shared\Source\Nodes.cpp">
      <Filter>Shared\Source</Filter>
    </ClCompile>
    <ClCompile Include="..\Shared\Source\Object\Data.cpp">
      <Filter>Shared\Source</Filter>
    </ClCompile>
    <ClCompile Include="..\Shared\Source\Object\Data\Atmosphere.cpp">
      <Filter>Shared\Source</Filter>
    </ClCompile>
    <ClCompile Include="..\Shared\Source\Object\Data\Camera.cpp">
      <Filter>Shared\Source</Filter>
    </ClCompile>
    <ClCompile Include="..\Shared\Source\Object\Data\Curve.cpp">
      <Filter>Shared\Source</Filter>
    </ClCompile>
    <ClCompile Include="..\Shared\Source\Object\Data\Empty.cpp">
      <Filter>Shared\Source</Filter>
    </ClCompile>
    <ClCompile Include="..\Shared\Source\Object\Data\Force.cpp">
      <Filter>Shared\Source</Filter>
    </ClCompile>
    <ClCompile Include="..\Shared\Source\Object\Data\Group.cpp">
      <Filter>Shared\Source</Filter>
    </ClCompile>
    <ClCompile Include="..\Shared\Source\Object\Data\Light.cpp">
      <Filter>Shared\Source</Filter>
    </ClCompile>
    <ClCompile Include="..\Shared\Source\Object\Data\Mesh.cpp">
      <Filter>Shared\Source</Filter>
    </ClCompile>
    <ClCompile Include="..\Shared\Source\Object\Data\Primitive.cpp">
      <Filter>Shared\Source</Filter>
    </ClCompile>
    <ClCompile Include="..\Shared\Source\Object\Data\Sfx.cpp">
      <Filter>Shared\Source</Filter>
    </ClCompile>
    <ClCompile Include="..\Shared\Source\Object\Data\Skeleton.cpp">
      <Filter>Shared\Source</Filter>
    </ClCompile>
    <ClCompile Include="..\Shared\Source\Object\Data\Vfx.cpp">
      <Filter>Shared\Source</Filter>
    </ClCompile>
    <ClCompile Include="..\Shared\Source\Object\Data\Volume.cpp">
      <Filter>Shared\Source</Filter>
    </ClCompile>
    <ClCompile Include="..\Shared\Source\Object\Nodes\Compiler.cpp">
      <Filter>Shared\Source</Filter>
    </ClCompile>
    <ClCompile Include="..\Shared\Source\Object\Nodes\Object_Nodes.cpp">
      <Filter>Shared\Source</Filter>
    </ClCompile>
    <ClCompile Include="..\Shared\Source\Object\Object.cpp">
      <Filter>Shared\Source</Filter>
    </ClCompile>
    <ClCompile Include="..\Shared\Source\Ops.cpp">
      <Filter>Shared\Source</Filter>
    </ClCompile>
    <ClCompile Include="..\Shared\Source\Scene.cpp">
      <Filter>Shared\Source</Filter>
    </ClCompile>
    <ClCompile Include="..\Shared\Source\Session.cpp">
      <Filter>Shared\Source</Filter>
    </ClCompile>
    <ClCompile Include="..\Shared\Source\Shader\Nodes\Shader_Nodes.cpp">
      <Filter>Shared\Source</Filter>
    </ClCompile>
    <ClCompile Include="..\Shared\Source\Shader\Shader.cpp">
      <Filter>Shared\Source</Filter>
    </ClCompile>
  </ItemGroup>
  <ItemGroup>
    <ClInclude Include="Include\pch.h">
      <Filter>Include</Filter>
    </ClInclude>
    <ClInclude Include="Include\framework.h">
      <Filter>Include</Filter>
    </ClInclude>
    <ClInclude Include="Include\Dll_Include.hpp">
      <Filter>Include</Filter>
    </ClInclude>
    <ClInclude Include="..\Shared\Include\Data_Property.hpp">
      <Filter>Shared\Include</Filter>
    </ClInclude>
    <ClInclude Include="..\Shared\Include\File.hpp">
      <Filter>Shared\Include</Filter>
    </ClInclude>
    <ClInclude Include="..\Shared\Include\Include.hpp">
      <Filter>Shared\Include</Filter>
    </ClInclude>
    <ClInclude Include="..\Shared\Include\Lace.hpp">
      <Filter>Shared\Include</Filter>
    </ClInclude>
    <ClInclude Include="..\Shared\Include\Nodes.hpp">
      <Filter>Shared\Include</Filter>
    </ClInclude>
    <ClInclude Include="..\Shared\Include\Object\Data.hpp">
      <Filter>Shared\Include</Filter>
    </ClInclude>
    <ClInclude Include="..\Shared\Include\Object\Data\Atmosphere.hpp">
      <Filter>Shared\Include</Filter>
    </ClInclude>
    <ClInclude Include="..\Shared\Include\Object\Data\Camera.hpp">
      <Filter>Shared\Include</Filter>
    </ClInclude>
    <ClInclude Include="..\Shared\Include\Object\Data\Curve.hpp">
      <Filter>Shared\Include</Filter>
    </ClInclude>
    <ClInclude Include="..\Shared\Include\Object\Data\Empty.hpp">
      <Filter>Shared\Include</Filter>
    </ClInclude>
    <ClInclude Include="..\Shared\Include\Object\Data\Force.hpp">
      <Filter>Shared\Include</Filter>
    </ClInclude>
    <ClInclude Include="..\Shared\Include\Object\Data\Group.hpp">
      <Filter>Shared\Include</Filter>
    </ClInclude>
    <ClInclude Include="..\Shared\Include\Object\Data\Light.hpp">
      <Filter>Shared\Include</Filter>
    </ClInclude>
    <ClInclude Include="..\Shared\Include\Object\Data\Mesh.hpp">
      <Filter>Shared\Include</Filter>
    </ClInclude>
    <ClInclude Include="..\Shared\Include\Object\Data\Primitive.hpp">
      <Filter>Shared\Include</Filter>
    </ClInclude>
    <ClInclude Include="..\Shared\Include\Object\Data\Sfx.hpp">
      <Filter>Shared\Include</Filter>
    </ClInclude>
    <ClInclude Include="..\Shared\Include\Object\Data\Skeleton.hpp">
      <Filter>Shared\Include</Filter>
    </ClInclude>
    <ClInclude Include="..\Shared\Include\Object\Data\Vfx.hpp">
      <Filter>Shared\Include</Filter>
    </ClInclude>
    <ClInclude Include="..\Shared\Include\Object\Data\Volume.hpp">
      <Filter>Shared\Include</Filter>
    </ClInclude>
    <ClInclude Include="..\Shared\Include\Object\Nodes\Compiler.hpp">
      <Filter>Shared\Include</Filter>
    </ClInclude>
    <ClInclude Include="..\Shared\Include\Object\Nodes\Object_Nodes.hpp">
      <Filter>Shared\Include</Filter>
    </ClInclude>
    <ClInclude Include="..\Shared\Include\Object\Object.hpp">
      <Filter>Shared\Include</Filter>
    </ClInclude>
    <ClInclude Include="..\Shared\Include\Ops.hpp">
      <Filter>Shared\Include</Filter>
    </ClInclude>
    <ClInclude Include="..\Shared\Include\Scene.hpp">
      <Filter>Shared\Include</Filter>
    </ClInclude>
    <ClInclude Include="..\Shared\Include\Session.hpp">
      <Filter>Shared\Include</Filter>
    </ClInclude>
    <ClInclude Include="..\Shared\Include\Shader\Nodes\Shader_Nodes.hpp">
      <Filter>Shared\Include</Filter>
    </ClInclude>
    <ClInclude Include="..\Shared\Include\Shader\Shader.hpp">
      <Filter>Shared\Include</Filter>
    </ClInclude>
    <ClInclude Include="..\Shared\Include\Shared.hpp">
      <Filter>Shared\Include</Filter>
    </ClInclude>
  </ItemGroup>
</Project>