<?xml version="1.0" encoding="utf-8"?>
<Project ToolsVersion="4.0" xmlns="http://schemas.microsoft.com/developer/msbuild/2003">
  <ItemGroup>
    <Filter Include="Source Files">
      <UniqueIdentifier>{4d005fa3-9df4-4830-a129-8ab529dfc59c}</UniqueIdentifier>
    </Filter>
    <Filter Include="Header Files">
      <UniqueIdentifier>{4d567220-9fe9-4e46-9066-3ab50f3fd179}</UniqueIdentifier>
    </Filter>
    <Filter Include="Shared">
      <UniqueIdentifier>{a2e4e6f8-0dd8-4817-b543-fa03d06228bc}</UniqueIdentifier>
    </Filter>
  </ItemGroup>
  <ItemGroup>
    <ClCompile Include="main.cpp" />
    <ClCompile Include="Include\pch.cpp">
      <Filter>Source Files</Filter>
    </ClCompile>
    <ClCompile Include="..\Include\Lace.cpp">
      <Filter>Shared</Filter>
    </ClCompile>
    <ClCompile Include="..\Include\Ops.cpp">
      <Filter>Shared</Filter>
    </ClCompile>
  </ItemGroup>
  <ItemGroup>
    <ClInclude Include="Include\pch.h">
      <Filter>Header Files</Filter>
    </ClInclude>
    <ClInclude Include="Include\framework.h">
      <Filter>Header Files</Filter>
    </ClInclude>
    <ClInclude Include="Include\DLL.h">
      <Filter>Header Files</Filter>
    </ClInclude>
    <ClInclude Include="..\Include\Include.hpp">
      <Filter>Shared</Filter>
    </ClInclude>
    <ClInclude Include="..\Include\Lace.hpp">
      <Filter>Shared</Filter>
    </ClInclude>
    <ClInclude Include="..\Include\Ops.hpp">
      <Filter>Shared</Filter>
    </ClInclude>
  </ItemGroup>
</Project>